// !$*UTF8*$!
{
	archiveVersion = 1;
	classes = {
	};
	objectVersion = 46;
	objects = {

/* Begin PBXBuildFile section */
		4ECEDC761EA9ABE000FD5275 /* FeedCollectionViewController.swift in Sources */ = {isa = PBXBuildFile; fileRef = 4ECEDC751EA9ABE000FD5275 /* FeedCollectionViewController.swift */; };
		4ECEDC781EA9ABF200FD5275 /* FeedCollectionViewCell.swift in Sources */ = {isa = PBXBuildFile; fileRef = 4ECEDC771EA9ABF200FD5275 /* FeedCollectionViewCell.swift */; };
		6920F4901EAFE3CB002FC2E9 /* BioViewController.swift in Sources */ = {isa = PBXBuildFile; fileRef = 6920F48F1EAFE3CB002FC2E9 /* BioViewController.swift */; };
		695C48361EA918AA003514EB /* AppDelegate.swift in Sources */ = {isa = PBXBuildFile; fileRef = 695C48351EA918AA003514EB /* AppDelegate.swift */; };
		695C48381EA918AA003514EB /* ViewController.swift in Sources */ = {isa = PBXBuildFile; fileRef = 695C48371EA918AA003514EB /* ViewController.swift */; };
		695C483B1EA918AA003514EB /* Main.storyboard in Resources */ = {isa = PBXBuildFile; fileRef = 695C48391EA918AA003514EB /* Main.storyboard */; };
		695C483E1EA918AA003514EB /* Nusic.xcdatamodeld in Sources */ = {isa = PBXBuildFile; fileRef = 695C483C1EA918AA003514EB /* Nusic.xcdatamodeld */; };
		695C48401EA918AA003514EB /* Assets.xcassets in Resources */ = {isa = PBXBuildFile; fileRef = 695C483F1EA918AA003514EB /* Assets.xcassets */; };
		695C48431EA918AA003514EB /* LaunchScreen.storyboard in Resources */ = {isa = PBXBuildFile; fileRef = 695C48411EA918AA003514EB /* LaunchScreen.storyboard */; };
		695C484B1EA918BE003514EB /* RequestHandler.swift in Sources */ = {isa = PBXBuildFile; fileRef = 695C484A1EA918BE003514EB /* RequestHandler.swift */; };
		695C484F1EA943FF003514EB /* Utilities.swift in Sources */ = {isa = PBXBuildFile; fileRef = 695C484E1EA943FF003514EB /* Utilities.swift */; };
		695C48511EA96751003514EB /* Article.swift in Sources */ = {isa = PBXBuildFile; fileRef = 695C48501EA96751003514EB /* Article.swift */; };
		69D962E51EABF08C00846115 /* WebViewController.swift in Sources */ = {isa = PBXBuildFile; fileRef = 69D962E41EABF08C00846115 /* WebViewController.swift */; };
		E0BC8364388A8C6E7DFCCAB2 /* Pods_Nusic.framework in Frameworks */ = {isa = PBXBuildFile; fileRef = 330EB91E5B2334D7428F47E7 /* Pods_Nusic.framework */; };
/* End PBXBuildFile section */

/* Begin PBXFileReference section */
		330EB91E5B2334D7428F47E7 /* Pods_Nusic.framework */ = {isa = PBXFileReference; explicitFileType = wrapper.framework; includeInIndex = 0; path = Pods_Nusic.framework; sourceTree = BUILT_PRODUCTS_DIR; };
		4ECEDC751EA9ABE000FD5275 /* FeedCollectionViewController.swift */ = {isa = PBXFileReference; fileEncoding = 4; lastKnownFileType = sourcecode.swift; path = FeedCollectionViewController.swift; sourceTree = "<group>"; };
		4ECEDC771EA9ABF200FD5275 /* FeedCollectionViewCell.swift */ = {isa = PBXFileReference; fileEncoding = 4; lastKnownFileType = sourcecode.swift; path = FeedCollectionViewCell.swift; sourceTree = "<group>"; };
		54C8E3978A21D2AB178CFD00 /* Pods-Nusic.release.xcconfig */ = {isa = PBXFileReference; includeInIndex = 1; lastKnownFileType = text.xcconfig; name = "Pods-Nusic.release.xcconfig"; path = "Pods/Target Support Files/Pods-Nusic/Pods-Nusic.release.xcconfig"; sourceTree = "<group>"; };
		6920F48F1EAFE3CB002FC2E9 /* BioViewController.swift */ = {isa = PBXFileReference; fileEncoding = 4; lastKnownFileType = sourcecode.swift; path = BioViewController.swift; sourceTree = "<group>"; };
		695C48321EA918AA003514EB /* Nusic.app */ = {isa = PBXFileReference; explicitFileType = wrapper.application; includeInIndex = 0; path = Nusic.app; sourceTree = BUILT_PRODUCTS_DIR; };
		695C48351EA918AA003514EB /* AppDelegate.swift */ = {isa = PBXFileReference; lastKnownFileType = sourcecode.swift; path = AppDelegate.swift; sourceTree = "<group>"; };
		695C48371EA918AA003514EB /* ViewController.swift */ = {isa = PBXFileReference; lastKnownFileType = sourcecode.swift; path = ViewController.swift; sourceTree = "<group>"; };
		695C483A1EA918AA003514EB /* Base */ = {isa = PBXFileReference; lastKnownFileType = file.storyboard; name = Base; path = Base.lproj/Main.storyboard; sourceTree = "<group>"; };
		695C483D1EA918AA003514EB /* Nusic.xcdatamodel */ = {isa = PBXFileReference; lastKnownFileType = wrapper.xcdatamodel; path = Nusic.xcdatamodel; sourceTree = "<group>"; };
		695C483F1EA918AA003514EB /* Assets.xcassets */ = {isa = PBXFileReference; lastKnownFileType = folder.assetcatalog; path = Assets.xcassets; sourceTree = "<group>"; };
		695C48421EA918AA003514EB /* Base */ = {isa = PBXFileReference; lastKnownFileType = file.storyboard; name = Base; path = Base.lproj/LaunchScreen.storyboard; sourceTree = "<group>"; };
		695C48441EA918AA003514EB /* Info.plist */ = {isa = PBXFileReference; lastKnownFileType = text.plist.xml; path = Info.plist; sourceTree = "<group>"; };
		695C484A1EA918BE003514EB /* RequestHandler.swift */ = {isa = PBXFileReference; fileEncoding = 4; lastKnownFileType = sourcecode.swift; path = RequestHandler.swift; sourceTree = "<group>"; };
		695C484E1EA943FF003514EB /* Utilities.swift */ = {isa = PBXFileReference; fileEncoding = 4; lastKnownFileType = sourcecode.swift; path = Utilities.swift; sourceTree = "<group>"; };
		695C48501EA96751003514EB /* Article.swift */ = {isa = PBXFileReference; fileEncoding = 4; lastKnownFileType = sourcecode.swift; path = Article.swift; sourceTree = "<group>"; };
		69D962E41EABF08C00846115 /* WebViewController.swift */ = {isa = PBXFileReference; fileEncoding = 4; lastKnownFileType = sourcecode.swift; path = WebViewController.swift; sourceTree = "<group>"; };
		F9D7589793917F61289D3D78 /* Pods-Nusic.debug.xcconfig */ = {isa = PBXFileReference; includeInIndex = 1; lastKnownFileType = text.xcconfig; name = "Pods-Nusic.debug.xcconfig"; path = "Pods/Target Support Files/Pods-Nusic/Pods-Nusic.debug.xcconfig"; sourceTree = "<group>"; };
/* End PBXFileReference section */

/* Begin PBXFrameworksBuildPhase section */
		695C482F1EA918AA003514EB /* Frameworks */ = {
			isa = PBXFrameworksBuildPhase;
			buildActionMask = 2147483647;
			files = (
				E0BC8364388A8C6E7DFCCAB2 /* Pods_Nusic.framework in Frameworks */,
			);
			runOnlyForDeploymentPostprocessing = 0;
		};
/* End PBXFrameworksBuildPhase section */

/* Begin PBXGroup section */
		630386D8D81FAA8303374AF3 /* Pods */ = {
			isa = PBXGroup;
			children = (
				F9D7589793917F61289D3D78 /* Pods-Nusic.debug.xcconfig */,
				54C8E3978A21D2AB178CFD00 /* Pods-Nusic.release.xcconfig */,
			);
			name = Pods;
			sourceTree = "<group>";
		};
		695C48291EA918AA003514EB = {
			isa = PBXGroup;
			children = (
				695C48341EA918AA003514EB /* Nusic */,
				695C48331EA918AA003514EB /* Products */,
				630386D8D81FAA8303374AF3 /* Pods */,
				78F41A8977F5C89F56746079 /* Frameworks */,
			);
			sourceTree = "<group>";
		};
		695C48331EA918AA003514EB /* Products */ = {
			isa = PBXGroup;
			children = (
				695C48321EA918AA003514EB /* Nusic.app */,
			);
			name = Products;
			sourceTree = "<group>";
		};
		695C48341EA918AA003514EB /* Nusic */ = {
			isa = PBXGroup;
			children = (
				695C48391EA918AA003514EB /* Main.storyboard */,
				695C48351EA918AA003514EB /* AppDelegate.swift */,
				695C48371EA918AA003514EB /* ViewController.swift */,
				69D962E41EABF08C00846115 /* WebViewController.swift */,
				6920F48F1EAFE3CB002FC2E9 /* BioViewController.swift */,
				695C484A1EA918BE003514EB /* RequestHandler.swift */,
				695C48501EA96751003514EB /* Article.swift */,
				695C484E1EA943FF003514EB /* Utilities.swift */,
				4ECEDC751EA9ABE000FD5275 /* FeedCollectionViewController.swift */,
				4ECEDC771EA9ABF200FD5275 /* FeedCollectionViewCell.swift */,
				695C483F1EA918AA003514EB /* Assets.xcassets */,
				695C48411EA918AA003514EB /* LaunchScreen.storyboard */,
				695C48441EA918AA003514EB /* Info.plist */,
				695C483C1EA918AA003514EB /* Nusic.xcdatamodeld */,
			);
			path = Nusic;
			sourceTree = "<group>";
		};
		78F41A8977F5C89F56746079 /* Frameworks */ = {
			isa = PBXGroup;
			children = (
				330EB91E5B2334D7428F47E7 /* Pods_Nusic.framework */,
			);
			name = Frameworks;
			sourceTree = "<group>";
		};
/* End PBXGroup section */

/* Begin PBXNativeTarget section */
		695C48311EA918AA003514EB /* Nusic */ = {
			isa = PBXNativeTarget;
			buildConfigurationList = 695C48471EA918AA003514EB /* Build configuration list for PBXNativeTarget "Nusic" */;
			buildPhases = (
				DCCA0183D1BA90E0C8723359 /* [CP] Check Pods Manifest.lock */,
				695C482E1EA918AA003514EB /* Sources */,
				695C482F1EA918AA003514EB /* Frameworks */,
				695C48301EA918AA003514EB /* Resources */,
				E11A2EFD08096F3022EB11D9 /* [CP] Embed Pods Frameworks */,
				E405BE891B17F5C7E5D62C03 /* [CP] Copy Pods Resources */,
			);
			buildRules = (
			);
			dependencies = (
			);
			name = Nusic;
			productName = Nusic;
			productReference = 695C48321EA918AA003514EB /* Nusic.app */;
			productType = "com.apple.product-type.application";
		};
/* End PBXNativeTarget section */

/* Begin PBXProject section */
		695C482A1EA918AA003514EB /* Project object */ = {
			isa = PBXProject;
			attributes = {
				LastSwiftUpdateCheck = 0830;
				LastUpgradeCheck = 0830;
				ORGANIZATIONNAME = Nusic_Inc;
				TargetAttributes = {
					695C48311EA918AA003514EB = {
						CreatedOnToolsVersion = 8.3;
						DevelopmentTeam = B676NWYQK9;
						ProvisioningStyle = Automatic;
					};
				};
			};
			buildConfigurationList = 695C482D1EA918AA003514EB /* Build configuration list for PBXProject "Nusic" */;
			compatibilityVersion = "Xcode 3.2";
			developmentRegion = English;
			hasScannedForEncodings = 0;
			knownRegions = (
				en,
				Base,
			);
			mainGroup = 695C48291EA918AA003514EB;
			productRefGroup = 695C48331EA918AA003514EB /* Products */;
			projectDirPath = "";
			projectRoot = "";
			targets = (
				695C48311EA918AA003514EB /* Nusic */,
			);
		};
/* End PBXProject section */

/* Begin PBXResourcesBuildPhase section */
		695C48301EA918AA003514EB /* Resources */ = {
			isa = PBXResourcesBuildPhase;
			buildActionMask = 2147483647;
			files = (
				695C48431EA918AA003514EB /* LaunchScreen.storyboard in Resources */,
				695C48401EA918AA003514EB /* Assets.xcassets in Resources */,
				695C483B1EA918AA003514EB /* Main.storyboard in Resources */,
			);
			runOnlyForDeploymentPostprocessing = 0;
		};
/* End PBXResourcesBuildPhase section */

/* Begin PBXShellScriptBuildPhase section */
		DCCA0183D1BA90E0C8723359 /* [CP] Check Pods Manifest.lock */ = {
			isa = PBXShellScriptBuildPhase;
			buildActionMask = 2147483647;
			files = (
			);
			inputPaths = (
			);
			name = "[CP] Check Pods Manifest.lock";
			outputPaths = (
			);
			runOnlyForDeploymentPostprocessing = 0;
			shellPath = /bin/sh;
			shellScript = "diff \"${PODS_ROOT}/../Podfile.lock\" \"${PODS_ROOT}/Manifest.lock\" > /dev/null\nif [ $? != 0 ] ; then\n    # print error to STDERR\n    echo \"error: The sandbox is not in sync with the Podfile.lock. Run 'pod install' or update your CocoaPods installation.\" >&2\n    exit 1\nfi\n";
			showEnvVarsInLog = 0;
		};
		E11A2EFD08096F3022EB11D9 /* [CP] Embed Pods Frameworks */ = {
			isa = PBXShellScriptBuildPhase;
			buildActionMask = 2147483647;
			files = (
			);
			inputPaths = (
			);
			name = "[CP] Embed Pods Frameworks";
			outputPaths = (
			);
			runOnlyForDeploymentPostprocessing = 0;
			shellPath = /bin/sh;
			shellScript = "\"${SRCROOT}/Pods/Target Support Files/Pods-Nusic/Pods-Nusic-frameworks.sh\"\n";
			showEnvVarsInLog = 0;
		};
		E405BE891B17F5C7E5D62C03 /* [CP] Copy Pods Resources */ = {
			isa = PBXShellScriptBuildPhase;
			buildActionMask = 2147483647;
			files = (
			);
			inputPaths = (
			);
			name = "[CP] Copy Pods Resources";
			outputPaths = (
			);
			runOnlyForDeploymentPostprocessing = 0;
			shellPath = /bin/sh;
			shellScript = "\"${SRCROOT}/Pods/Target Support Files/Pods-Nusic/Pods-Nusic-resources.sh\"\n";
			showEnvVarsInLog = 0;
		};
/* End PBXShellScriptBuildPhase section */

/* Begin PBXSourcesBuildPhase section */
		695C482E1EA918AA003514EB /* Sources */ = {
			isa = PBXSourcesBuildPhase;
			buildActionMask = 2147483647;
			files = (
				695C484F1EA943FF003514EB /* Utilities.swift in Sources */,
				69D962E51EABF08C00846115 /* WebViewController.swift in Sources */,
				4ECEDC761EA9ABE000FD5275 /* FeedCollectionViewController.swift in Sources */,
				4ECEDC781EA9ABF200FD5275 /* FeedCollectionViewCell.swift in Sources */,
				695C48381EA918AA003514EB /* ViewController.swift in Sources */,
				695C48511EA96751003514EB /* Article.swift in Sources */,
				695C483E1EA918AA003514EB /* Nusic.xcdatamodeld in Sources */,
				695C48361EA918AA003514EB /* AppDelegate.swift in Sources */,
				695C484B1EA918BE003514EB /* RequestHandler.swift in Sources */,
				6920F4901EAFE3CB002FC2E9 /* BioViewController.swift in Sources */,
			);
			runOnlyForDeploymentPostprocessing = 0;
		};
/* End PBXSourcesBuildPhase section */

/* Begin PBXVariantGroup section */
		695C48391EA918AA003514EB /* Main.storyboard */ = {
			isa = PBXVariantGroup;
			children = (
				695C483A1EA918AA003514EB /* Base */,
			);
			name = Main.storyboard;
			sourceTree = "<group>";
		};
		695C48411EA918AA003514EB /* LaunchScreen.storyboard */ = {
			isa = PBXVariantGroup;
			children = (
				695C48421EA918AA003514EB /* Base */,
			);
			name = LaunchScreen.storyboard;
			sourceTree = "<group>";
		};
/* End PBXVariantGroup section */

/* Begin XCBuildConfiguration section */
		695C48451EA918AA003514EB /* Debug */ = {
			isa = XCBuildConfiguration;
			buildSettings = {
				ALWAYS_SEARCH_USER_PATHS = NO;
				CLANG_ANALYZER_NONNULL = YES;
				CLANG_ANALYZER_NUMBER_OBJECT_CONVERSION = YES_AGGRESSIVE;
				CLANG_CXX_LANGUAGE_STANDARD = "gnu++0x";
				CLANG_CXX_LIBRARY = "libc++";
				CLANG_ENABLE_MODULES = YES;
				CLANG_ENABLE_OBJC_ARC = YES;
				CLANG_WARN_BOOL_CONVERSION = YES;
				CLANG_WARN_CONSTANT_CONVERSION = YES;
				CLANG_WARN_DIRECT_OBJC_ISA_USAGE = YES_ERROR;
				CLANG_WARN_DOCUMENTATION_COMMENTS = YES;
				CLANG_WARN_EMPTY_BODY = YES;
				CLANG_WARN_ENUM_CONVERSION = YES;
				CLANG_WARN_INFINITE_RECURSION = YES;
				CLANG_WARN_INT_CONVERSION = YES;
				CLANG_WARN_OBJC_ROOT_CLASS = YES_ERROR;
				CLANG_WARN_SUSPICIOUS_MOVE = YES;
				CLANG_WARN_UNREACHABLE_CODE = YES;
				CLANG_WARN__DUPLICATE_METHOD_MATCH = YES;
				"CODE_SIGN_IDENTITY[sdk=iphoneos*]" = "iPhone Developer";
				COPY_PHASE_STRIP = NO;
				DEBUG_INFORMATION_FORMAT = dwarf;
				ENABLE_STRICT_OBJC_MSGSEND = YES;
				ENABLE_TESTABILITY = YES;
				GCC_C_LANGUAGE_STANDARD = gnu99;
				GCC_DYNAMIC_NO_PIC = NO;
				GCC_NO_COMMON_BLOCKS = YES;
				GCC_OPTIMIZATION_LEVEL = 0;
				GCC_PREPROCESSOR_DEFINITIONS = (
					"DEBUG=1",
					"$(inherited)",
				);
				GCC_WARN_64_TO_32_BIT_CONVERSION = YES;
				GCC_WARN_ABOUT_RETURN_TYPE = YES_ERROR;
				GCC_WARN_UNDECLARED_SELECTOR = YES;
				GCC_WARN_UNINITIALIZED_AUTOS = YES_AGGRESSIVE;
				GCC_WARN_UNUSED_FUNCTION = YES;
				GCC_WARN_UNUSED_VARIABLE = YES;
				IPHONEOS_DEPLOYMENT_TARGET = 10.3;
				MTL_ENABLE_DEBUG_INFO = YES;
				ONLY_ACTIVE_ARCH = YES;
				SDKROOT = iphoneos;
				SWIFT_ACTIVE_COMPILATION_CONDITIONS = DEBUG;
				SWIFT_OPTIMIZATION_LEVEL = "-Onone";
				TARGETED_DEVICE_FAMILY = "1,2";
			};
			name = Debug;
		};
		695C48461EA918AA003514EB /* Release */ = {
			isa = XCBuildConfiguration;
			buildSettings = {
				ALWAYS_SEARCH_USER_PATHS = NO;
				CLANG_ANALYZER_NONNULL = YES;
				CLANG_ANALYZER_NUMBER_OBJECT_CONVERSION = YES_AGGRESSIVE;
				CLANG_CXX_LANGUAGE_STANDARD = "gnu++0x";
				CLANG_CXX_LIBRARY = "libc++";
				CLANG_ENABLE_MODULES = YES;
				CLANG_ENABLE_OBJC_ARC = YES;
				CLANG_WARN_BOOL_CONVERSION = YES;
				CLANG_WARN_CONSTANT_CONVERSION = YES;
				CLANG_WARN_DIRECT_OBJC_ISA_USAGE = YES_ERROR;
				CLANG_WARN_DOCUMENTATION_COMMENTS = YES;
				CLANG_WARN_EMPTY_BODY = YES;
				CLANG_WARN_ENUM_CONVERSION = YES;
				CLANG_WARN_INFINITE_RECURSION = YES;
				CLANG_WARN_INT_CONVERSION = YES;
				CLANG_WARN_OBJC_ROOT_CLASS = YES_ERROR;
				CLANG_WARN_SUSPICIOUS_MOVE = YES;
				CLANG_WARN_UNREACHABLE_CODE = YES;
				CLANG_WARN__DUPLICATE_METHOD_MATCH = YES;
				"CODE_SIGN_IDENTITY[sdk=iphoneos*]" = "iPhone Developer";
				COPY_PHASE_STRIP = NO;
				DEBUG_INFORMATION_FORMAT = "dwarf-with-dsym";
				ENABLE_NS_ASSERTIONS = NO;
				ENABLE_STRICT_OBJC_MSGSEND = YES;
				GCC_C_LANGUAGE_STANDARD = gnu99;
				GCC_NO_COMMON_BLOCKS = YES;
				GCC_WARN_64_TO_32_BIT_CONVERSION = YES;
				GCC_WARN_ABOUT_RETURN_TYPE = YES_ERROR;
				GCC_WARN_UNDECLARED_SELECTOR = YES;
				GCC_WARN_UNINITIALIZED_AUTOS = YES_AGGRESSIVE;
				GCC_WARN_UNUSED_FUNCTION = YES;
				GCC_WARN_UNUSED_VARIABLE = YES;
				IPHONEOS_DEPLOYMENT_TARGET = 10.3;
				MTL_ENABLE_DEBUG_INFO = NO;
				SDKROOT = iphoneos;
				SWIFT_OPTIMIZATION_LEVEL = "-Owholemodule";
				TARGETED_DEVICE_FAMILY = "1,2";
				VALIDATE_PRODUCT = YES;
			};
			name = Release;
		};
		695C48481EA918AA003514EB /* Debug */ = {
			isa = XCBuildConfiguration;
			baseConfigurationReference = F9D7589793917F61289D3D78 /* Pods-Nusic.debug.xcconfig */;
			buildSettings = {
				ASSETCATALOG_COMPILER_APPICON_NAME = AppIcon;
				DEVELOPMENT_TEAM = B676NWYQK9;
				INFOPLIST_FILE = Nusic/Info.plist;
				LD_RUNPATH_SEARCH_PATHS = "$(inherited) @executable_path/Frameworks";
				PRODUCT_BUNDLE_IDENTIFIER = TMac.Nusic;
				PRODUCT_NAME = "$(TARGET_NAME)";
				SWIFT_VERSION = 3.0;
			};
			name = Debug;
		};
		695C48491EA918AA003514EB /* Release */ = {
			isa = XCBuildConfiguration;
			baseConfigurationReference = 54C8E3978A21D2AB178CFD00 /* Pods-Nusic.release.xcconfig */;
			buildSettings = {
				ASSETCATALOG_COMPILER_APPICON_NAME = AppIcon;
				DEVELOPMENT_TEAM = B676NWYQK9;
				INFOPLIST_FILE = Nusic/Info.plist;
				LD_RUNPATH_SEARCH_PATHS = "$(inherited) @executable_path/Frameworks";
				PRODUCT_BUNDLE_IDENTIFIER = TMac.Nusic;
				PRODUCT_NAME = "$(TARGET_NAME)";
				SWIFT_VERSION = 3.0;
			};
			name = Release;
		};
/* End XCBuildConfiguration section */

/* Begin XCConfigurationList section */
		695C482D1EA918AA003514EB /* Build configuration list for PBXProject "Nusic" */ = {
			isa = XCConfigurationList;
			buildConfigurations = (
				695C48451EA918AA003514EB /* Debug */,
				695C48461EA918AA003514EB /* Release */,
			);
			defaultConfigurationIsVisible = 0;
			defaultConfigurationName = Release;
		};
		695C48471EA918AA003514EB /* Build configuration list for PBXNativeTarget "Nusic" */ = {
			isa = XCConfigurationList;
			buildConfigurations = (
				695C48481EA918AA003514EB /* Debug */,
				695C48491EA918AA003514EB /* Release */,
			);
			defaultConfigurationIsVisible = 0;
			defaultConfigurationName = Release;
		};
/* End XCConfigurationList section */

/* Begin XCVersionGroup section */
		695C483C1EA918AA003514EB /* Nusic.xcdatamodeld */ = {
			isa = XCVersionGroup;
			children = (
				695C483D1EA918AA003514EB /* Nusic.xcdatamodel */,
			);
			currentVersion = 695C483D1EA918AA003514EB /* Nusic.xcdatamodel */;
			path = Nusic.xcdatamodeld;
			sourceTree = "<group>";
			versionGroupType = wrapper.xcdatamodel;
		};
/* End XCVersionGroup section */
	};
	rootObject = 695C482A1EA918AA003514EB /* Project object */;
}
